// !$*UTF8*$!
{
	archiveVersion = 1;
	classes = {
	};
	objectVersion = 50;
	objects = {

/* Begin PBXBuildFile section */
		54E69DD823E8D38900ABB2FD /* AppDelegate.swift in Sources */ = {isa = PBXBuildFile; fileRef = 54E69DD723E8D38900ABB2FD /* AppDelegate.swift */; };
		54E69DDA23E8D38900ABB2FD /* SceneDelegate.swift in Sources */ = {isa = PBXBuildFile; fileRef = 54E69DD923E8D38900ABB2FD /* SceneDelegate.swift */; };
		54E69DDC23E8D38900ABB2FD /* ViewController.swift in Sources */ = {isa = PBXBuildFile; fileRef = 54E69DDB23E8D38900ABB2FD /* ViewController.swift */; };
		54E69DDF23E8D38900ABB2FD /* Main.storyboard in Resources */ = {isa = PBXBuildFile; fileRef = 54E69DDD23E8D38900ABB2FD /* Main.storyboard */; };
		54E69DE123E8D38B00ABB2FD /* Assets.xcassets in Resources */ = {isa = PBXBuildFile; fileRef = 54E69DE023E8D38B00ABB2FD /* Assets.xcassets */; };
		54E69DE423E8D38B00ABB2FD /* LaunchScreen.storyboard in Resources */ = {isa = PBXBuildFile; fileRef = 54E69DE223E8D38B00ABB2FD /* LaunchScreen.storyboard */; };
/* End PBXBuildFile section */

/* Begin PBXFileReference section */
		54E69DD423E8D38900ABB2FD /* TestSearch.app */ = {isa = PBXFileReference; explicitFileType = wrapper.application; includeInIndex = 0; path = TestSearch.app; sourceTree = BUILT_PRODUCTS_DIR; };
		54E69DD723E8D38900ABB2FD /* AppDelegate.swift */ = {isa = PBXFileReference; lastKnownFileType = sourcecode.swift; path = AppDelegate.swift; sourceTree = "<group>"; };
		54E69DD923E8D38900ABB2FD /* SceneDelegate.swift */ = {isa = PBXFileReference; lastKnownFileType = sourcecode.swift; path = SceneDelegate.swift; sourceTree = "<group>"; };
		54E69DDB23E8D38900ABB2FD /* ViewController.swift */ = {isa = PBXFileReference; lastKnownFileType = sourcecode.swift; path = ViewController.swift; sourceTree = "<group>"; };
		54E69DDE23E8D38900ABB2FD /* Base */ = {isa = PBXFileReference; lastKnownFileType = file.storyboard; name = Base; path = Base.lproj/Main.storyboard; sourceTree = "<group>"; };
		54E69DE023E8D38B00ABB2FD /* Assets.xcassets */ = {isa = PBXFileReference; lastKnownFileType = folder.assetcatalog; path = Assets.xcassets; sourceTree = "<group>"; };
		54E69DE323E8D38B00ABB2FD /* Base */ = {isa = PBXFileReference; lastKnownFileType = file.storyboard; name = Base; path = Base.lproj/LaunchScreen.storyboard; sourceTree = "<group>"; };
		54E69DE523E8D38B00ABB2FD /* Info.plist */ = {isa = PBXFileReference; lastKnownFileType = text.plist.xml; path = Info.plist; sourceTree = "<group>"; };
/* End PBXFileReference section */

/* Begin PBXFrameworksBuildPhase section */
		54E69DD123E8D38900ABB2FD /* Frameworks */ = {
			isa = PBXFrameworksBuildPhase;
			buildActionMask = 2147483647;
			files = (
			);
			runOnlyForDeploymentPostprocessing = 0;
		};
/* End PBXFrameworksBuildPhase section */

/* Begin PBXGroup section */
		54E69DCB23E8D38900ABB2FD = {
			isa = PBXGroup;
			children = (
				54E69DD623E8D38900ABB2FD /* TestSearch */,
				54E69DD523E8D38900ABB2FD /* Products */,
			);
			sourceTree = "<group>";
		};
		54E69DD523E8D38900ABB2FD /* Products */ = {
			isa = PBXGroup;
			children = (
				54E69DD423E8D38900ABB2FD /* TestSearch.app */,
			);
			name = Products;
			sourceTree = "<group>";
		};
		54E69DD623E8D38900ABB2FD /* TestSearch */ = {
			isa = PBXGroup;
			children = (
				54E69DD723E8D38900ABB2FD /* AppDelegate.swift */,
				54E69DD923E8D38900ABB2FD /* SceneDelegate.swift */,
				54E69DDB23E8D38900ABB2FD /* ViewController.swift */,
				54E69DDD23E8D38900ABB2FD /* Main.storyboard */,
				54E69DE023E8D38B00ABB2FD /* Assets.xcassets */,
				54E69DE223E8D38B00ABB2FD /* LaunchScreen.storyboard */,
				54E69DE523E8D38B00ABB2FD /* Info.plist */,
			);
			path = TestSearch;
			sourceTree = "<group>";
		};
/* End PBXGroup section */

/* Begin PBXNativeTarget section */
		54E69DD323E8D38900ABB2FD /* TestSearch */ = {
			isa = PBXNativeTarget;
			buildConfigurationList = 54E69DE823E8D38B00ABB2FD /* Build configuration list for PBXNativeTarget "TestSearch" */;
			buildPhases = (
				54E69DD023E8D38900ABB2FD /* Sources */,
				54E69DD123E8D38900ABB2FD /* Frameworks */,
				54E69DD223E8D38900ABB2FD /* Resources */,
			);
			buildRules = (
			);
			dependencies = (
			);
			name = TestSearch;
			productName = TestSearch;
			productReference = 54E69DD423E8D38900ABB2FD /* TestSearch.app */;
			productType = "com.apple.product-type.application";
		};
/* End PBXNativeTarget section */

/* Begin PBXProject section */
		54E69DCC23E8D38900ABB2FD /* Project object */ = {
			isa = PBXProject;
			attributes = {
				LastSwiftUpdateCheck = 1130;
				LastUpgradeCheck = 1130;
				ORGANIZATIONNAME = "AppWeleuc Inc";
				TargetAttributes = {
					54E69DD323E8D38900ABB2FD = {
						CreatedOnToolsVersion = 11.3.1;
					};
				};
			};
			buildConfigurationList = 54E69DCF23E8D38900ABB2FD /* Build configuration list for PBXProject "TestSearch" */;
			compatibilityVersion = "Xcode 9.3";
			developmentRegion = en;
			hasScannedForEncodings = 0;
			knownRegions = (
				en,
				Base,
			);
			mainGroup = 54E69DCB23E8D38900ABB2FD;
			productRefGroup = 54E69DD523E8D38900ABB2FD /* Products */;
			projectDirPath = "";
			projectRoot = "";
			targets = (
				54E69DD323E8D38900ABB2FD /* TestSearch */,
			);
		};
/* End PBXProject section */

/* Begin PBXResourcesBuildPhase section */
		54E69DD223E8D38900ABB2FD /* Resources */ = {
			isa = PBXResourcesBuildPhase;
			buildActionMask = 2147483647;
			files = (
				54E69DE423E8D38B00ABB2FD /* LaunchScreen.storyboard in Resources */,
				54E69DE123E8D38B00ABB2FD /* Assets.xcassets in Resources */,
				54E69DDF23E8D38900ABB2FD /* Main.storyboard in Resources */,
			);
			runOnlyForDeploymentPostprocessing = 0;
		};
/* End PBXResourcesBuildPhase section */

/* Begin PBXSourcesBuildPhase section */
		54E69DD023E8D38900ABB2FD /* Sources */ = {
			isa = PBXSourcesBuildPhase;
			buildActionMask = 2147483647;
			files = (
				54E69DDC23E8D38900ABB2FD /* ViewController.swift in Sources */,
				54E69DD823E8D38900ABB2FD /* AppDelegate.swift in Sources */,
				54E69DDA23E8D38900ABB2FD /* SceneDelegate.swift in Sources */,
			);
			runOnlyForDeploymentPostprocessing = 0;
		};
/* End PBXSourcesBuildPhase section */

/* Begin PBXVariantGroup section */
		54E69DDD23E8D38900ABB2FD /* Main.storyboard */ = {
			isa = PBXVariantGroup;
			children = (
				54E69DDE23E8D38900ABB2FD /* Base */,
			);
			name = Main.storyboard;
			sourceTree = "<group>";
		};
		54E69DE223E8D38B00ABB2FD /* LaunchScreen.storyboard */ = {
			isa = PBXVariantGroup;
			children = (
				54E69DE323E8D38B00ABB2FD /* Base */,
			);
			name = LaunchScreen.storyboard;
			sourceTree = "<group>";
		};
/* End PBXVariantGroup section */

/* Begin XCBuildConfiguration section */
		54E69DE623E8D38B00ABB2FD /* Debug */ = {
			isa = XCBuildConfiguration;
			buildSettings = {
				ALWAYS_SEARCH_USER_PATHS = NO;
				CLANG_ANALYZER_NONNULL = YES;
				CLANG_ANALYZER_NUMBER_OBJECT_CONVERSION = YES_AGGRESSIVE;
				CLANG_CXX_LANGUAGE_STANDARD = "gnu++14";
				CLANG_CXX_LIBRARY = "libc++";
				CLANG_ENABLE_MODULES = YES;
				CLANG_ENABLE_OBJC_ARC = YES;
				CLANG_ENABLE_OBJC_WEAK = YES;
				CLANG_WARN_BLOCK_CAPTURE_AUTORELEASING = YES;
				CLANG_WARN_BOOL_CONVERSION = YES;
				CLANG_WARN_COMMA = YES;
				CLANG_WARN_CONSTANT_CONVERSION = YES;
				CLANG_WARN_DEPRECATED_OBJC_IMPLEMENTATIONS = YES;
				CLANG_WARN_DIRECT_OBJC_ISA_USAGE = YES_ERROR;
				CLANG_WARN_DOCUMENTATION_COMMENTS = YES;
				CLANG_WARN_EMPTY_BODY = YES;
				CLANG_WARN_ENUM_CONVERSION = YES;
				CLANG_WARN_INFINITE_RECURSION = YES;
				CLANG_WARN_INT_CONVERSION = YES;
				CLANG_WARN_NON_LITERAL_NULL_CONVERSION = YES;
				CLANG_WARN_OBJC_IMPLICIT_RETAIN_SELF = YES;
				CLANG_WARN_OBJC_LITERAL_CONVERSION = YES;
				CLANG_WARN_OBJC_ROOT_CLASS = YES_ERROR;
				CLANG_WARN_RANGE_LOOP_ANALYSIS = YES;
				CLANG_WARN_STRICT_PROTOTYPES = YES;
				CLANG_WARN_SUSPICIOUS_MOVE = YES;
				CLANG_WARN_UNGUARDED_AVAILABILITY = YES_AGGRESSIVE;
				CLANG_WARN_UNREACHABLE_CODE = YES;
				CLANG_WARN__DUPLICATE_METHOD_MATCH = YES;
				COPY_PHASE_STRIP = NO;
				DEBUG_INFORMATION_FORMAT = dwarf;
				ENABLE_STRICT_OBJC_MSGSEND = YES;
				ENABLE_TESTABILITY = YES;
				GCC_C_LANGUAGE_STANDARD = gnu11;
				GCC_DYNAMIC_NO_PIC = NO;
				GCC_NO_COMMON_BLOCKS = YES;
				GCC_OPTIMIZATION_LEVEL = 0;
				GCC_PREPROCESSOR_DEFINITIONS = (
					"DEBUG=1",
					"$(inherited)",
				);
				GCC_WARN_64_TO_32_BIT_CONVERSION = YES;
				GCC_WARN_ABOUT_RETURN_TYPE = YES_ERROR;
				GCC_WARN_UNDECLARED_SELECTOR = YES;
				GCC_WARN_UNINITIALIZED_AUTOS = YES_AGGRESSIVE;
				GCC_WARN_UNUSED_FUNCTION = YES;
				GCC_WARN_UNUSED_VARIABLE = YES;
				IPHONEOS_DEPLOYMENT_TARGET = 13.2;
				MTL_ENABLE_DEBUG_INFO = INCLUDE_SOURCE;
				MTL_FAST_MATH = YES;
				ONLY_ACTIVE_ARCH = YES;
				SDKROOT = iphoneos;
				SWIFT_ACTIVE_COMPILATION_CONDITIONS = DEBUG;
				SWIFT_OPTIMIZATION_LEVEL = "-Onone";
			};
			name = Debug;
		};
		54E69DE723E8D38B00ABB2FD /* Release */ = {
			isa = XCBuildConfiguration;
			buildSettings = {
				ALWAYS_SEARCH_USER_PATHS = NO;
				CLANG_ANALYZER_NONNULL = YES;
				CLANG_ANALYZER_NUMBER_OBJECT_CONVERSION = YES_AGGRESSIVE;
				CLANG_CXX_LANGUAGE_STANDARD = "gnu++14";
				CLANG_CXX_LIBRARY = "libc++";
				CLANG_ENABLE_MODULES = YES;
				CLANG_ENABLE_OBJC_ARC = YES;
				CLANG_ENABLE_OBJC_WEAK = YES;
				CLANG_WARN_BLOCK_CAPTURE_AUTORELEASING = YES;
				CLANG_WARN_BOOL_CONVERSION = YES;
				CLANG_WARN_COMMA = YES;
				CLANG_WARN_CONSTANT_CONVERSION = YES;
				CLANG_WARN_DEPRECATED_OBJC_IMPLEMENTATIONS = YES;
				CLANG_WARN_DIRECT_OBJC_ISA_USAGE = YES_ERROR;
				CLANG_WARN_DOCUMENTATION_COMMENTS = YES;
				CLANG_WARN_EMPTY_BODY = YES;
				CLANG_WARN_ENUM_CONVERSION = YES;
				CLANG_WARN_INFINITE_RECURSION = YES;
				CLANG_WARN_INT_CONVERSION = YES;
				CLANG_WARN_NON_LITERAL_NULL_CONVERSION = YES;
				CLANG_WARN_OBJC_IMPLICIT_RETAIN_SELF = YES;
				CLANG_WARN_OBJC_LITERAL_CONVERSION = YES;
				CLANG_WARN_OBJC_ROOT_CLASS = YES_ERROR;
				CLANG_WARN_RANGE_LOOP_ANALYSIS = YES;
				CLANG_WARN_STRICT_PROTOTYPES = YES;
				CLANG_WARN_SUSPICIOUS_MOVE = YES;
				CLANG_WARN_UNGUARDED_AVAILABILITY = YES_AGGRESSIVE;
				CLANG_WARN_UNREACHABLE_CODE = YES;
				CLANG_WARN__DUPLICATE_METHOD_MATCH = YES;
				COPY_PHASE_STRIP = NO;
				DEBUG_INFORMATION_FORMAT = "dwarf-with-dsym";
				ENABLE_NS_ASSERTIONS = NO;
				ENABLE_STRICT_OBJC_MSGSEND = YES;
				GCC_C_LANGUAGE_STANDARD = gnu11;
				GCC_NO_COMMON_BLOCKS = YES;
				GCC_WARN_64_TO_32_BIT_CONVERSION = YES;
				GCC_WARN_ABOUT_RETURN_TYPE = YES_ERROR;
				GCC_WARN_UNDECLARED_SELECTOR = YES;
				GCC_WARN_UNINITIALIZED_AUTOS = YES_AGGRESSIVE;
				GCC_WARN_UNUSED_FUNCTION = YES;
				GCC_WARN_UNUSED_VARIABLE = YES;
				IPHONEOS_DEPLOYMENT_TARGET = 13.2;
				MTL_ENABLE_DEBUG_INFO = NO;
				MTL_FAST_MATH = YES;
				SDKROOT = iphoneos;
				SWIFT_COMPILATION_MODE = wholemodule;
				SWIFT_OPTIMIZATION_LEVEL = "-O";
				VALIDATE_PRODUCT = YES;
			};
			name = Release;
		};
		54E69DE923E8D38B00ABB2FD /* Debug */ = {
			isa = XCBuildConfiguration;
			buildSettings = {
				ASSETCATALOG_COMPILER_APPICON_NAME = AppIcon;
				CODE_SIGN_STYLE = Automatic;
				DEVELOPMENT_TEAM = 7DQZ2FZ4T5;
				INFOPLIST_FILE = TestSearch/Info.plist;
				LD_RUNPATH_SEARCH_PATHS = (
					"$(inherited)",
					"@executable_path/Frameworks",
				);
				PRODUCT_BUNDLE_IDENTIFIER = com.appweleux.TestSearch;
				PRODUCT_NAME = "$(TARGET_NAME)";
				SWIFT_VERSION = 5.0;
				TARGETED_DEVICE_FAMILY = "1,2";
			};
			name = Debug;
		};
		54E69DEA23E8D38B00ABB2FD /* Release */ = {
			isa = XCBuildConfiguration;
			buildSettings = {
				ASSETCATALOG_COMPILER_APPICON_NAME = AppIcon;
				CODE_SIGN_STYLE = Automatic;
				DEVELOPMENT_TEAM = 7DQZ2FZ4T5;
				INFOPLIST_FILE = TestSearch/Info.plist;
				LD_RUNPATH_SEARCH_PATHS = (
					"$(inherited)",
					"@executable_path/Frameworks",
				);
				PRODUCT_BUNDLE_IDENTIFIER = com.appweleux.TestSearch;
				PRODUCT_NAME = "$(TARGET_NAME)";
				SWIFT_VERSION = 5.0;
				TARGETED_DEVICE_FAMILY = "1,2";
			};
			name = Release;
		};
/* End XCBuildConfiguration section */

/* Begin XCConfigurationList section */
		54E69DCF23E8D38900ABB2FD /* Build configuration list for PBXProject "TestSearch" */ = {
			isa = XCConfigurationList;
			buildConfigurations = (
				54E69DE623E8D38B00ABB2FD /* Debug */,
				54E69DE723E8D38B00ABB2FD /* Release */,
			);
			defaultConfigurationIsVisible = 0;
			defaultConfigurationName = Release;
		};
		54E69DE823E8D38B00ABB2FD /* Build configuration list for PBXNativeTarget "TestSearch" */ = {
			isa = XCConfigurationList;
			buildConfigurations = (
				54E69DE923E8D38B00ABB2FD /* Debug */,
				54E69DEA23E8D38B00ABB2FD /* Release */,
			);
			defaultConfigurationIsVisible = 0;
			defaultConfigurationName = Release;
		};
/* End XCConfigurationList section */
	};
	rootObject = 54E69DCC23E8D38900ABB2FD /* Project object */;
}
